{
  "lockfile_version": "1",
  "packages": {
    "deno@latest": {
      "last_modified": "2024-08-14T11:41:26Z",
      "resolved": "github:NixOS/nixpkgs/0cb2fd7c59fed0cd82ef858cbcbdb552b9a33465#deno",
      "source": "devbox-search",
      "version": "1.45.5",
      "systems": {
        "aarch64-darwin": {
          "outputs": [
            {
              "name": "out",
              "path": "/nix/store/wimjm2fqcfhig7q997jq35567sqprww9-deno-1.45.5",
              "default": true
            }
          ],
          "store_path": "/nix/store/wimjm2fqcfhig7q997jq35567sqprww9-deno-1.45.5"
        },
        "aarch64-linux": {
          "outputs": [
            {
              "name": "out",
              "path": "/nix/store/39ia0ianh78imqqf4ng0r5x4jcmxrr2l-deno-1.45.5",
              "default": true
            }
          ],
          "store_path": "/nix/store/39ia0ianh78imqqf4ng0r5x4jcmxrr2l-deno-1.45.5"
        },
        "x86_64-darwin": {
          "outputs": [
            {
              "name": "out",
              "path": "/nix/store/kigprqa69sldw5d6i6i5zzwq4ypfpdxd-deno-1.45.5",
              "default": true
            }
          ],
          "store_path": "/nix/store/kigprqa69sldw5d6i6i5zzwq4ypfpdxd-deno-1.45.5"
        },
        "x86_64-linux": {
          "outputs": [
            {
              "name": "out",
              "path": "/nix/store/pwbpcggrl8s5f5dm6n87mijzp6kbmxlf-deno-1.45.5",
              "default": true
            }
          ],
          "store_path": "/nix/store/pwbpcggrl8s5f5dm6n87mijzp6kbmxlf-deno-1.45.5"
        }
      }
    }
  }
}
